{
  "name": "asp.net",
  "version": "1.0.0",
  "lockfileVersion": 1,
  "requires": true,
  "dependencies": {
    "@syncfusion/ej2-js-es5": {
      "version": "18.1.48",
      "resolved": "https://registry.npmjs.org/@syncfusion/ej2-js-es5/-/ej2-js-es5-18.1.48.tgz",
      "integrity": "sha512-5C2cJZ5Is/nsu0smmXEJGIB2ZsuqcFVjm+DdlL/iLahDU0sXdK7hkq4McBIe1gwMfG00gy6fqjWVpKviI7TbWg==",
      "dev": true
    }
  }
}
