
Microsoft Visual Studio Solution File, Format Version 12.00
# Visual Studio Version 16
VisualStudioVersion = 16.0.29911.98
MinimumVisualStudioVersion = 10.0.40219.1
Project("{FAE04EC0-301F-11D3-BF4B-00C04F79EFBC}") = "Kys.Web", "Lms.Web\Kys.Web.csproj", "{5AD8978B-1429-46B6-82D1-E194BC8F4E2D}"
EndProject
Global
	GlobalSection(SolutionConfigurationPlatforms) = preSolution
		Debug|Any CPU = Debug|Any CPU
		Release|Any CPU = Release|Any CPU
	EndGlobalSection
	GlobalSection(ProjectConfigurationPlatforms) = postSolution
		{5AD8978B-1429-46B6-82D1-E194BC8F4E2D}.Debug|Any CPU.ActiveCfg = Debug|Any CPU
		{5AD8978B-1429-46B6-82D1-E194BC8F4E2D}.Debug|Any CPU.Build.0 = Debug|Any CPU
		{5AD8978B-1429-46B6-82D1-E194BC8F4E2D}.Release|Any CPU.ActiveCfg = Release|Any CPU
		{5AD8978B-1429-46B6-82D1-E194BC8F4E2D}.Release|Any CPU.Build.0 = Release|Any CPU
	EndGlobalSection
	GlobalSection(SolutionProperties) = preSolution
		HideSolutionNode = FALSE
	EndGlobalSection
	GlobalSection(ExtensibilityGlobals) = postSolution
		SolutionGuid = {8E9367AD-D509-49D5-89DF-934386128F7E}
	EndGlobalSection
EndGlobal
